<?xml version="1.0" encoding="UTF-8"?>
<CodeBlocks_project_file>
	<FileVersion major="1" minor="6"/>
	<Project>
		<Option title="Full-Scene-Animation"/>
		<Option makefile_is_custom="1"/>
		<Option compiler="gcc"/>
		<Option virtualFolders="CMake Files\;CMake Files\data\;"/>
		<Build>
			<Target title="all">
				<Option working_dir="C:/Users/ht/Desktop/graphics/final"/>
				<Option type="4"/>
				<MakeCommands>
					<Build command="C:/PROGRA~2/CODEBL~1/MinGW/bin/mingw32-make.exe -f &quot;C:/Users/ht/Desktop/graphics/final/Makefile&quot;  VERBOSE=1 all"/>
					<CompileFile command="C:/PROGRA~2/CODEBL~1/MinGW/bin/mingw32-make.exe -f &quot;C:/Users/ht/Desktop/graphics/final/Makefile&quot;  VERBOSE=1 &quot;$file&quot;"/>
					<Clean command="C:/PROGRA~2/CODEBL~1/MinGW/bin/mingw32-make.exe -f &quot;C:/Users/ht/Desktop/graphics/final/Makefile&quot;  VERBOSE=1 clean"/>
					<DistClean command="C:/PROGRA~2/CODEBL~1/MinGW/bin/mingw32-make.exe -f &quot;C:/Users/ht/Desktop/graphics/final/Makefile&quot;  VERBOSE=1 clean"/>
				</MakeCommands>
			</Target>
			<Target title="main.cpp">
				<Option output="C:/Users/ht/Desktop/graphics/final/main.cpp.exe" prefix_auto="0" extension_auto="0"/>
				<Option working_dir="C:/Users/ht/Desktop/graphics/final"/>
				<Option object_output="./"/>
				<Option type="1"/>
				<Option compiler="gcc"/>
				<Compiler>
					<Add directory="C:/Program Files (x86)/CodeBlocks/MinGW/bin/../lib/gcc/mingw32/5.1.0/include/c++"/>
					<Add directory="C:/Program Files (x86)/CodeBlocks/MinGW/bin/../lib/gcc/mingw32/5.1.0/include/c++/mingw32"/>
					<Add directory="C:/Program Files (x86)/CodeBlocks/MinGW/bin/../lib/gcc/mingw32/5.1.0/include/c++/backward"/>
					<Add directory="C:/Program Files (x86)/CodeBlocks/MinGW/bin/../lib/gcc/mingw32/5.1.0/include"/>
					<Add directory="C:/Program Files (x86)/CodeBlocks/MinGW/bin/../lib/gcc/mingw32/5.1.0/../../../../include"/>
					<Add directory="C:/Program Files (x86)/CodeBlocks/MinGW/bin/../lib/gcc/mingw32/5.1.0/include-fixed"/>
				</Compiler>
				<MakeCommands>
					<Build command="C:/PROGRA~2/CODEBL~1/MinGW/bin/mingw32-make.exe -f &quot;C:/Users/ht/Desktop/graphics/final/Makefile&quot;  VERBOSE=1 main.cpp"/>
					<CompileFile command="C:/PROGRA~2/CODEBL~1/MinGW/bin/mingw32-make.exe -f &quot;C:/Users/ht/Desktop/graphics/final/Makefile&quot;  VERBOSE=1 &quot;$file&quot;"/>
					<Clean command="C:/PROGRA~2/CODEBL~1/MinGW/bin/mingw32-make.exe -f &quot;C:/Users/ht/Desktop/graphics/final/Makefile&quot;  VERBOSE=1 clean"/>
					<DistClean command="C:/PROGRA~2/CODEBL~1/MinGW/bin/mingw32-make.exe -f &quot;C:/Users/ht/Desktop/graphics/final/Makefile&quot;  VERBOSE=1 clean"/>
				</MakeCommands>
			</Target>
			<Target title="main.cpp/fast">
				<Option output="C:/Users/ht/Desktop/graphics/final/main.cpp.exe" prefix_auto="0" extension_auto="0"/>
				<Option working_dir="C:/Users/ht/Desktop/graphics/final"/>
				<Option object_output="./"/>
				<Option type="1"/>
				<Option compiler="gcc"/>
				<Compiler>
					<Add directory="C:/Program Files (x86)/CodeBlocks/MinGW/bin/../lib/gcc/mingw32/5.1.0/include/c++"/>
					<Add directory="C:/Program Files (x86)/CodeBlocks/MinGW/bin/../lib/gcc/mingw32/5.1.0/include/c++/mingw32"/>
					<Add directory="C:/Program Files (x86)/CodeBlocks/MinGW/bin/../lib/gcc/mingw32/5.1.0/include/c++/backward"/>
					<Add directory="C:/Program Files (x86)/CodeBlocks/MinGW/bin/../lib/gcc/mingw32/5.1.0/include"/>
					<Add directory="C:/Program Files (x86)/CodeBlocks/MinGW/bin/../lib/gcc/mingw32/5.1.0/../../../../include"/>
					<Add directory="C:/Program Files (x86)/CodeBlocks/MinGW/bin/../lib/gcc/mingw32/5.1.0/include-fixed"/>
				</Compiler>
				<MakeCommands>
					<Build command="C:/PROGRA~2/CODEBL~1/MinGW/bin/mingw32-make.exe -f &quot;C:/Users/ht/Desktop/graphics/final/Makefile&quot;  VERBOSE=1 main.cpp/fast"/>
					<CompileFile command="C:/PROGRA~2/CODEBL~1/MinGW/bin/mingw32-make.exe -f &quot;C:/Users/ht/Desktop/graphics/final/Makefile&quot;  VERBOSE=1 &quot;$file&quot;"/>
					<Clean command="C:/PROGRA~2/CODEBL~1/MinGW/bin/mingw32-make.exe -f &quot;C:/Users/ht/Desktop/graphics/final/Makefile&quot;  VERBOSE=1 clean"/>
					<DistClean command="C:/PROGRA~2/CODEBL~1/MinGW/bin/mingw32-make.exe -f &quot;C:/Users/ht/Desktop/graphics/final/Makefile&quot;  VERBOSE=1 clean"/>
				</MakeCommands>
			</Target>
			<Target title="edit_cache">
				<Option working_dir="C:/Users/ht/Desktop/graphics/final"/>
				<Option type="4"/>
				<MakeCommands>
					<Build command="C:/PROGRA~2/CODEBL~1/MinGW/bin/mingw32-make.exe -f &quot;C:/Users/ht/Desktop/graphics/final/Makefile&quot;  VERBOSE=1 edit_cache"/>
					<CompileFile command="C:/PROGRA~2/CODEBL~1/MinGW/bin/mingw32-make.exe -f &quot;C:/Users/ht/Desktop/graphics/final/Makefile&quot;  VERBOSE=1 &quot;$file&quot;"/>
					<Clean command="C:/PROGRA~2/CODEBL~1/MinGW/bin/mingw32-make.exe -f &quot;C:/Users/ht/Desktop/graphics/final/Makefile&quot;  VERBOSE=1 clean"/>
					<DistClean command="C:/PROGRA~2/CODEBL~1/MinGW/bin/mingw32-make.exe -f &quot;C:/Users/ht/Desktop/graphics/final/Makefile&quot;  VERBOSE=1 clean"/>
				</MakeCommands>
			</Target>
			<Target title="rebuild_cache">
				<Option working_dir="C:/Users/ht/Desktop/graphics/final"/>
				<Option type="4"/>
				<MakeCommands>
					<Build command="C:/PROGRA~2/CODEBL~1/MinGW/bin/mingw32-make.exe -f &quot;C:/Users/ht/Desktop/graphics/final/Makefile&quot;  VERBOSE=1 rebuild_cache"/>
					<CompileFile command="C:/PROGRA~2/CODEBL~1/MinGW/bin/mingw32-make.exe -f &quot;C:/Users/ht/Desktop/graphics/final/Makefile&quot;  VERBOSE=1 &quot;$file&quot;"/>
					<Clean command="C:/PROGRA~2/CODEBL~1/MinGW/bin/mingw32-make.exe -f &quot;C:/Users/ht/Desktop/graphics/final/Makefile&quot;  VERBOSE=1 clean"/>
					<DistClean command="C:/PROGRA~2/CODEBL~1/MinGW/bin/mingw32-make.exe -f &quot;C:/Users/ht/Desktop/graphics/final/Makefile&quot;  VERBOSE=1 clean"/>
				</MakeCommands>
			</Target>
		</Build>
		<Unit filename="C:/Users/ht/Desktop/graphics/final/glm.cpp">
			<Option target="main.cpp"/>
		</Unit>
		<Unit filename="C:/Users/ht/Desktop/graphics/final/glm.h">
			<Option target="main.cpp"/>
		</Unit>
		<Unit filename="C:/Users/ht/Desktop/graphics/final/imageloader.cpp">
			<Option target="main.cpp"/>
		</Unit>
		<Unit filename="C:/Users/ht/Desktop/graphics/final/imageloader.h">
			<Option target="main.cpp"/>
		</Unit>
		<Unit filename="C:/Users/ht/Desktop/graphics/final/CMakeLists.txt">
			<Option virtualFolder="CMake Files\"/>
		</Unit>
		<Unit filename="C:/Users/ht/Desktop/graphics/final/floor.bmp">
			<Option virtualFolder="CMake Files\"/>
		</Unit>
		<Unit filename="C:/Users/ht/Desktop/graphics/final/data/al.mtl">
			<Option virtualFolder="CMake Files\data\"/>
		</Unit>
		<Unit filename="C:/Users/ht/Desktop/graphics/final/data/al.obj">
			<Option virtualFolder="CMake Files\data\"/>
		</Unit>
		<Unit filename="C:/Users/ht/Desktop/graphics/final/data/flowers.mtl">
			<Option virtualFolder="CMake Files\data\"/>
		</Unit>
		<Unit filename="C:/Users/ht/Desktop/graphics/final/data/flowers.obj">
			<Option virtualFolder="CMake Files\data\"/>
		</Unit>
		<Unit filename="C:/Users/ht/Desktop/graphics/final/data/rose+vase.mtl">
			<Option virtualFolder="CMake Files\data\"/>
		</Unit>
		<Unit filename="C:/Users/ht/Desktop/graphics/final/data/rose+vase.obj">
			<Option virtualFolder="CMake Files\data\"/>
		</Unit>
	</Project>
</CodeBlocks_project_file>
